
Microsoft Visual Studio Solution File, Format Version 12.00
# Visual Studio Version 17
VisualStudioVersion = 17.4.33213.308
MinimumVisualStudioVersion = 10.0.40219.1
Project("{FAE04EC0-301F-11D3-BF4B-00C04F79EFBC}") = "maximum length of names", "maximum length of names\maximum length of names.csproj", "{7AEDE269-2EE0-4E98-8C8C-9ADB07018058}"
EndProject
Global
	GlobalSection(SolutionConfigurationPlatforms) = preSolution
		Debug|Any CPU = Debug|Any CPU
		Release|Any CPU = Release|Any CPU
	EndGlobalSection
	GlobalSection(ProjectConfigurationPlatforms) = postSolution
		{7AEDE269-2EE0-4E98-8C8C-9ADB07018058}.Debug|Any CPU.ActiveCfg = Debug|Any CPU
		{7AEDE269-2EE0-4E98-8C8C-9ADB07018058}.Debug|Any CPU.Build.0 = Debug|Any CPU
		{7AEDE269-2EE0-4E98-8C8C-9ADB07018058}.Release|Any CPU.ActiveCfg = Release|Any CPU
		{7AEDE269-2EE0-4E98-8C8C-9ADB07018058}.Release|Any CPU.Build.0 = Release|Any CPU
	EndGlobalSection
	GlobalSection(SolutionProperties) = preSolution
		HideSolutionNode = FALSE
	EndGlobalSection
	GlobalSection(ExtensibilityGlobals) = postSolution
		SolutionGuid = {4AD98430-3D26-49C2-A5C8-81786DD4F4E9}
	EndGlobalSection
EndGlobal
