
Microsoft Visual Studio Solution File, Format Version 12.00
# Visual Studio Version 17
VisualStudioVersion = 17.4.33213.308
MinimumVisualStudioVersion = 10.0.40219.1
Project("{FAE04EC0-301F-11D3-BF4B-00C04F79EFBC}") = "Project Tennis Score App", "Project Tennis Score App\Project Tennis Score App.csproj", "{86A30E87-6BC2-4B57-8A07-82176016C06B}"
EndProject
Global
	GlobalSection(SolutionConfigurationPlatforms) = preSolution
		Debug|Any CPU = Debug|Any CPU
		Release|Any CPU = Release|Any CPU
	EndGlobalSection
	GlobalSection(ProjectConfigurationPlatforms) = postSolution
		{86A30E87-6BC2-4B57-8A07-82176016C06B}.Debug|Any CPU.ActiveCfg = Debug|Any CPU
		{86A30E87-6BC2-4B57-8A07-82176016C06B}.Debug|Any CPU.Build.0 = Debug|Any CPU
		{86A30E87-6BC2-4B57-8A07-82176016C06B}.Release|Any CPU.ActiveCfg = Release|Any CPU
		{86A30E87-6BC2-4B57-8A07-82176016C06B}.Release|Any CPU.Build.0 = Release|Any CPU
	EndGlobalSection
	GlobalSection(SolutionProperties) = preSolution
		HideSolutionNode = FALSE
	EndGlobalSection
	GlobalSection(ExtensibilityGlobals) = postSolution
		SolutionGuid = {BF766A77-EF2D-4A99-A86D-36B1446AB3AB}
	EndGlobalSection
EndGlobal
