
Microsoft Visual Studio Solution File, Format Version 12.00
# Visual Studio Version 17
VisualStudioVersion = 17.4.33213.308
MinimumVisualStudioVersion = 10.0.40219.1
Project("{FAE04EC0-301F-11D3-BF4B-00C04F79EFBC}") = "Substring", "Substring\Substring.csproj", "{0A1EDBBF-B658-446B-97E5-77AD09FCE9CA}"
EndProject
Global
	GlobalSection(SolutionConfigurationPlatforms) = preSolution
		Debug|Any CPU = Debug|Any CPU
		Release|Any CPU = Release|Any CPU
	EndGlobalSection
	GlobalSection(ProjectConfigurationPlatforms) = postSolution
		{0A1EDBBF-B658-446B-97E5-77AD09FCE9CA}.Debug|Any CPU.ActiveCfg = Debug|Any CPU
		{0A1EDBBF-B658-446B-97E5-77AD09FCE9CA}.Debug|Any CPU.Build.0 = Debug|Any CPU
		{0A1EDBBF-B658-446B-97E5-77AD09FCE9CA}.Release|Any CPU.ActiveCfg = Release|Any CPU
		{0A1EDBBF-B658-446B-97E5-77AD09FCE9CA}.Release|Any CPU.Build.0 = Release|Any CPU
	EndGlobalSection
	GlobalSection(SolutionProperties) = preSolution
		HideSolutionNode = FALSE
	EndGlobalSection
	GlobalSection(ExtensibilityGlobals) = postSolution
		SolutionGuid = {2B977380-9487-4805-A822-B865B24DB673}
	EndGlobalSection
EndGlobal
