
Microsoft Visual Studio Solution File, Format Version 12.00
# Visual Studio Version 17
VisualStudioVersion = 17.4.33213.308
MinimumVisualStudioVersion = 10.0.40219.1
Project("{FAE04EC0-301F-11D3-BF4B-00C04F79EFBC}") = "Valid Usernames", "Valid Usernames\Valid Usernames.csproj", "{605197EB-C43D-4E13-8270-3DBFF0A27D23}"
EndProject
Global
	GlobalSection(SolutionConfigurationPlatforms) = preSolution
		Debug|Any CPU = Debug|Any CPU
		Release|Any CPU = Release|Any CPU
	EndGlobalSection
	GlobalSection(ProjectConfigurationPlatforms) = postSolution
		{605197EB-C43D-4E13-8270-3DBFF0A27D23}.Debug|Any CPU.ActiveCfg = Debug|Any CPU
		{605197EB-C43D-4E13-8270-3DBFF0A27D23}.Debug|Any CPU.Build.0 = Debug|Any CPU
		{605197EB-C43D-4E13-8270-3DBFF0A27D23}.Release|Any CPU.ActiveCfg = Release|Any CPU
		{605197EB-C43D-4E13-8270-3DBFF0A27D23}.Release|Any CPU.Build.0 = Release|Any CPU
	EndGlobalSection
	GlobalSection(SolutionProperties) = preSolution
		HideSolutionNode = FALSE
	EndGlobalSection
	GlobalSection(ExtensibilityGlobals) = postSolution
		SolutionGuid = {6F4207C4-9315-4593-9F32-3AA84939DF0F}
	EndGlobalSection
EndGlobal
