
Microsoft Visual Studio Solution File, Format Version 12.00
# Visual Studio Version 17
VisualStudioVersion = 17.9.34728.123
MinimumVisualStudioVersion = 10.0.40219.1
Project("{FAE04EC0-301F-11D3-BF4B-00C04F79EFBC}") = "game of life project1", "game of life project1\game of life project1.csproj", "{88447C69-F217-4E82-B87F-9D2E4E50299E}"
EndProject
Global
	GlobalSection(SolutionConfigurationPlatforms) = preSolution
		Debug|Any CPU = Debug|Any CPU
		Release|Any CPU = Release|Any CPU
	EndGlobalSection
	GlobalSection(ProjectConfigurationPlatforms) = postSolution
		{88447C69-F217-4E82-B87F-9D2E4E50299E}.Debug|Any CPU.ActiveCfg = Debug|Any CPU
		{88447C69-F217-4E82-B87F-9D2E4E50299E}.Debug|Any CPU.Build.0 = Debug|Any CPU
		{88447C69-F217-4E82-B87F-9D2E4E50299E}.Release|Any CPU.ActiveCfg = Release|Any CPU
		{88447C69-F217-4E82-B87F-9D2E4E50299E}.Release|Any CPU.Build.0 = Release|Any CPU
	EndGlobalSection
	GlobalSection(SolutionProperties) = preSolution
		HideSolutionNode = FALSE
	EndGlobalSection
	GlobalSection(ExtensibilityGlobals) = postSolution
		SolutionGuid = {E6781087-0501-409C-9431-607FB5BBB3CD}
	EndGlobalSection
EndGlobal
