
Microsoft Visual Studio Solution File, Format Version 12.00
# Visual Studio Version 17
VisualStudioVersion = 17.4.33213.308
MinimumVisualStudioVersion = 10.0.40219.1
Project("{FAE04EC0-301F-11D3-BF4B-00C04F79EFBC}") = "Repeat string", "Repeat string\Repeat string.csproj", "{C849D694-0C42-4EBF-BFB4-D03F9BF488C4}"
EndProject
Global
	GlobalSection(SolutionConfigurationPlatforms) = preSolution
		Debug|Any CPU = Debug|Any CPU
		Release|Any CPU = Release|Any CPU
	EndGlobalSection
	GlobalSection(ProjectConfigurationPlatforms) = postSolution
		{C849D694-0C42-4EBF-BFB4-D03F9BF488C4}.Debug|Any CPU.ActiveCfg = Debug|Any CPU
		{C849D694-0C42-4EBF-BFB4-D03F9BF488C4}.Debug|Any CPU.Build.0 = Debug|Any CPU
		{C849D694-0C42-4EBF-BFB4-D03F9BF488C4}.Release|Any CPU.ActiveCfg = Release|Any CPU
		{C849D694-0C42-4EBF-BFB4-D03F9BF488C4}.Release|Any CPU.Build.0 = Release|Any CPU
	EndGlobalSection
	GlobalSection(SolutionProperties) = preSolution
		HideSolutionNode = FALSE
	EndGlobalSection
	GlobalSection(ExtensibilityGlobals) = postSolution
		SolutionGuid = {C6D480C3-AD34-472C-AD1A-D94FA4694816}
	EndGlobalSection
EndGlobal
